
Microsoft Visual Studio Solution File, Format Version 12.00
# Visual Studio Version 16
VisualStudioVersion = 16.0.35026.282
MinimumVisualStudioVersion = 10.0.40219.1
Project("{FAE04EC0-301F-11D3-BF4B-00C04F79EFBC}") = "Password Generator", "Password Generator.csproj", "{E241B1AE-79EA-4551-9332-92A01CC8D841}"
EndProject
Project("{FAE04EC0-301F-11D3-BF4B-00C04F79EFBC}") = "PssGenerate", "..\PssGenerate\PssGenerate.csproj", "{B3E5A0A1-B4DB-4165-B2FA-BA3C82ED4EB8}"
EndProject
Global
	GlobalSection(SolutionConfigurationPlatforms) = preSolution
		Debug|Any CPU = Debug|Any CPU
		Release|Any CPU = Release|Any CPU
	EndGlobalSection
	GlobalSection(ProjectConfigurationPlatforms) = postSolution
		{E241B1AE-79EA-4551-9332-92A01CC8D841}.Debug|Any CPU.ActiveCfg = Debug|Any CPU
		{E241B1AE-79EA-4551-9332-92A01CC8D841}.Debug|Any CPU.Build.0 = Debug|Any CPU
		{E241B1AE-79EA-4551-9332-92A01CC8D841}.Release|Any CPU.ActiveCfg = Release|Any CPU
		{E241B1AE-79EA-4551-9332-92A01CC8D841}.Release|Any CPU.Build.0 = Release|Any CPU
		{B3E5A0A1-B4DB-4165-B2FA-BA3C82ED4EB8}.Debug|Any CPU.ActiveCfg = Debug|Any CPU
		{B3E5A0A1-B4DB-4165-B2FA-BA3C82ED4EB8}.Debug|Any CPU.Build.0 = Debug|Any CPU
		{B3E5A0A1-B4DB-4165-B2FA-BA3C82ED4EB8}.Release|Any CPU.ActiveCfg = Release|Any CPU
		{B3E5A0A1-B4DB-4165-B2FA-BA3C82ED4EB8}.Release|Any CPU.Build.0 = Release|Any CPU
	EndGlobalSection
	GlobalSection(SolutionProperties) = preSolution
		HideSolutionNode = FALSE
	EndGlobalSection
	GlobalSection(ExtensibilityGlobals) = postSolution
		SolutionGuid = {23F00B1C-9000-4D98-9853-5BC0E938EF19}
	EndGlobalSection
EndGlobal
